github.com/claes/cec v0.0.0-20190309034130-b35491135d47 h1:X9UgHmbAfDcJoedoWBR+toTDmr9MpagWeDRRnr3Oatg=
github.com/claes/cec v0.0.0-20190309034130-b35491135d47/go.mod h1:7MHv0D7vkFEFjZDDfdT4qnnJnKtB5VyN7gy5uRBfafw=
github.com/claes/cec v0.0.0-20240506202204-8ab5ef4dd2e3 h1:LobzBieBROO40fmB7Exels7qkhvcU6Y5lMLuPsxcy1g=
github.com/claes/cec v0.0.0-20240506202204-8ab5ef4dd2e3/go.mod h1:7MHv0D7vkFEFjZDDfdT4qnnJnKtB5VyN7gy5uRBfafw=
github.com/claes/cec v0.0.0-20240506205215-e6547feb62cd h1:0+CZo4WZkbyGPHp6f50TpbrKVRm6BFhrHvuxS67L/IA=
github.com/claes/cec v0.0.0-20240506205215-e6547feb62cd/go.mod h1:7MHv0D7vkFEFjZDDfdT4qnnJnKtB5VyN7gy5uRBfafw=
github.com/claes/cec v0.0.0-20240506205546-11175a741d7b h1:dEo8gaaNnfoUGQtG8d0WRFH3nYP48lKdkK/BGLj42M0=
github.com/claes/cec v0.0.0-20240506205546-11175a741d7b/go.mod h1:7MHv0D7vkFEFjZDDfdT4qnnJnKtB5VyN7gy5uRBfafw=
github.com/claes/cec v0.0.0-20240506210254-90e993940bd1 h1:naOXNqvP54JyszjXlkV02UVZV5pj3Wl3RhH/JaBzysw=
github.com/claes/cec v0.0.0-20240506210254-90e993940bd1/go.mod h1:7MHv0D7vkFEFjZDDfdT4qnnJnKtB5VyN7gy5uRBfafw=
github.com/claes/cec v0.0.0-20240507190756-41f6703953a8 h1:TdsXp/cxaWNKJH+lQSSPjHiD+7Z+zt7joAsVlImYpv0=
github.com/claes/cec v0.0.0-20240507190756-41f6703953a8/go.mod h1:7MHv0D7vkFEFjZDDfdT4qnnJnKtB5VyN7gy5uRBfafw=
github.com/claes/cec v0.0.0-20240507193723-50ebec890776 h1:KMJcNvHgL55wAcZ+fJSSgO12YPHmObc+ICHCajY8PpI=
github.com/claes/cec v0.0.0-20240507193723-50ebec890776/go.mod h1:7MHv0D7vkFEFjZDDfdT4qnnJnKtB5VyN7gy5uRBfafw=
github.com/claes/cec v0.0.0-20240511101027-228f4ea67c09 h1:BKsDAnSh422iS5VRfs734kfum6FGkzxDBugMWfAXYJ8=
github.com/claes/cec v0.0.0-20240511101027-228f4ea67c09/go.mod h1:7MHv0D7vkFEFjZDDfdT4qnnJnKtB5VyN7gy5uRBfafw=
github.com/claes/cec v0.0.0-20240511162646-7b0da4ad8be4 h1:s48d9tQLKkIOL9qGaEVXsJK0MV6UvUyM5+UpsMVE0Iw=
github.com/claes/cec v0.0.0-20240511162646-7b0da4ad8be4/go.mod h1:7MHv0D7vkFEFjZDDfdT4qnnJnKtB5VyN7gy5uRBfafw=
github.com/claes/cec v0.0.0-20240511175038-9727fd352c32 h1:Rk9jN6TMbr5WE8hHNYphbSfclwGjZlE8mfY6ONgCBHo=
github.com/claes/cec v0.0.0-20240511175038-9727fd352c32/go.mod h1:7MHv0D7vkFEFjZDDfdT4qnnJnKtB5VyN7gy5uRBfafw=
github.com/claes/cec v0.0.0-20240511175414-ee7ca4592ce4 h1:K04oYAyZHtaHPsSCEFpr40OI1qUQo0eQNbuago1Yvi4=
github.com/claes/cec v0.0.0-20240511175414-ee7ca4592ce4/go.mod h1:7MHv0D7vkFEFjZDDfdT4qnnJnKtB5VyN7gy5uRBfafw=
github.com/claes/cec v0.0.0-20240512102000-3b85e8e4aca9 h1:dRNddOdU92K3DWLompccczXTtJivU/LG0FCvoe9N5ao=
github.com/claes/cec v0.0.0-20240512102000-3b85e8e4aca9/go.mod h1:7MHv0D7vkFEFjZDDfdT4qnnJnKtB5VyN7gy5uRBfafw=
github.com/claes/cec v0.0.0-20240512134355-ee4a7715f588 h1:PMCae353J6rgnVJ6SepB1H2q8rIAIc5cu/hS1YHVtrc=
github.com/claes/cec v0.0.0-20240512134355-ee4a7715f588/go.mod h1:7MHv0D7vkFEFjZDDfdT4qnnJnKtB5VyN7gy5uRBfafw=
github.com/eclipse/paho.mqtt.golang v1.4.3 h1:2kwcUGn8seMUfWndX0hGbvH8r7crgcJguQNCyp70xik=
github.com/eclipse/paho.mqtt.golang v1.4.3/go.mod h1:CSYvoAlsMkhYOXh/oKyxa8EcBci6dVkLCbo5tTC1RIE=
github.com/gorilla/websocket v1.5.1 h1:gmztn0JnHVt9JZquRuzLw3g4wouNVzKL15iLr/zn/QY=
github.com/gorilla/websocket v1.5.1/go.mod h1:x3kM2JMyaluk02fnUJpQuwD2dCS5NDG2ZHL0uE0tcaY=
golang.org/x/net v0.25.0 h1:d/OCCoBEUq33pjydKrGQhw7IlUPI2Oylr+8qLx49kac=
golang.org/x/net v0.25.0/go.mod h1:JkAGAh7GEvH74S6FOH42FLoXpXbE/aqXSrIQjXgsiwM=
golang.org/x/sync v0.7.0 h1:YsImfSBoP9QPYL0xyKJPq0gcaJdG3rInoqxTWbfQu9M=
golang.org/x/sync v0.7.0/go.mod h1:Czt+wKu1gCyEFDUtn0jG5QVvpJ6rzVqr5aXyt9drQfk=
